
Microsoft Visual Studio Solution File, Format Version 12.00
# Visual Studio Version 17
VisualStudioVersion = 17.11.35303.130
MinimumVisualStudioVersion = 10.0.40219.1
Project("{2150E333-8FDC-42A3-9474-1A3956D46DE8}") = "Task0", "Task0", "{170374AE-1752-4C85-8B81-5453342DAF82}"
EndProject
Project("{9A19103F-16F7-4668-BE54-9A1E7A4F7556}") = "Tyuiu.NuryevAR.Sprint1.Task0.V25", "Tyuiu.NuryevAR.Sprint1.Task0.V25\Tyuiu.NuryevAR.Sprint1.Task0.V25.csproj", "{0A296DE7-6084-4FC3-95BC-4FE11CEBC266}"
EndProject
Project("{9A19103F-16F7-4668-BE54-9A1E7A4F7556}") = "Tyuiu.NuryevAR.Sprint1.Task0.V25.Lib", "Tyuiu.NuryevAR.Sprint1.Task0.V25.Lib\Tyuiu.NuryevAR.Sprint1.Task0.V25.Lib.csproj", "{F3EBAA05-8E06-4F05-B4C6-B9F89363E7BD}"
EndProject
Project("{9A19103F-16F7-4668-BE54-9A1E7A4F7556}") = "Tyuiu.NuryevAR.Sprint1.Task0.V25.Test", "Tyuiu.NuryevAR.Sprint1.Task0.V25.Test\Tyuiu.NuryevAR.Sprint1.Task0.V25.Test.csproj", "{7B414538-E762-4D65-9144-141BBA641C7F}"
EndProject
Project("{2150E333-8FDC-42A3-9474-1A3956D46DE8}") = "Task1", "Task1", "{7870B981-4D6E-4BEC-9A77-9DE11308CF72}"
EndProject
Project("{9A19103F-16F7-4668-BE54-9A1E7A4F7556}") = "Tyuiu.NuryevAR.Sprint1.Task1.V12", "Tyuiu.NuryevAR.Sprint1.Task1.V12\Tyuiu.NuryevAR.Sprint1.Task1.V12.csproj", "{FD72A8F7-4AB8-4DE2-81E5-710644061435}"
EndProject
Project("{9A19103F-16F7-4668-BE54-9A1E7A4F7556}") = "Tyuiu.NuryevAR.Sprint1.Task1.V12.Lib", "Tyuiu.NuryevAR.Sprint1.Task1.V12.Lib\Tyuiu.NuryevAR.Sprint1.Task1.V12.Lib.csproj", "{5958A363-0A91-4C73-A1A8-D11E9BF0AE32}"
EndProject
Project("{9A19103F-16F7-4668-BE54-9A1E7A4F7556}") = "Tyuiu.NuryevAR.Sprint1.Task1.V12.Test", "Tyuiu.NuryevAR.Sprint1.Task1.V12.Test\Tyuiu.NuryevAR.Sprint1.Task1.V12.Test.csproj", "{7D64E0C9-C33F-4383-9ECA-7BCE12A9012B}"
EndProject
Project("{2150E333-8FDC-42A3-9474-1A3956D46DE8}") = "Task2", "Task2", "{E149E55A-C089-40B3-9587-37C5AE4F0680}"
EndProject
Project("{9A19103F-16F7-4668-BE54-9A1E7A4F7556}") = "Tyuiu.NuryevAR.Sprint1.Task2.V25", "Tyuiu.NuryevAR.Sprint1.Task2.V25\Tyuiu.NuryevAR.Sprint1.Task2.V25.csproj", "{7E4932A3-A378-44E0-AF3A-8F0428E1BA2B}"
EndProject
Project("{9A19103F-16F7-4668-BE54-9A1E7A4F7556}") = "Tyuiu.NuryevAR.Sprint1.Task2.V25.Test", "Tyuiu.NuryevAR.Sprint1.Task2.V25.Test\Tyuiu.NuryevAR.Sprint1.Task2.V25.Test.csproj", "{83F74A4F-F386-4ED8-BB6F-FDB65F242361}"
EndProject
Project("{9A19103F-16F7-4668-BE54-9A1E7A4F7556}") = "Tyuiu.NuryevAR.Sprint1.Task2.V25.Lib", "Tyuiu.NuryevAR.Sprint1.Task2.V25.Lib\Tyuiu.NuryevAR.Sprint1.Task2.V25.Lib.csproj", "{F10FF5CB-1254-48C3-804D-FCB966761727}"
EndProject
Project("{2150E333-8FDC-42A3-9474-1A3956D46DE8}") = "Task3", "Task3", "{4E3FFEC3-53D2-4667-B9C7-04D12B7952BA}"
EndProject
Project("{9A19103F-16F7-4668-BE54-9A1E7A4F7556}") = "Tyuiu.NuryevAR.Sprint1.Task3.V12", "Tyuiu.NuryevAR.Sprint1.Task3.V12\Tyuiu.NuryevAR.Sprint1.Task3.V12.csproj", "{DDB965BE-1D71-4ABA-8E0B-3D7B927910B5}"
EndProject
Project("{9A19103F-16F7-4668-BE54-9A1E7A4F7556}") = "Tyuiu.NuryevAR.Sprint1.Task3.V12.Lib", "Tyuiu.NuryevAR.Sprint1.Task3.V12.Lib\Tyuiu.NuryevAR.Sprint1.Task3.V12.Lib.csproj", "{0AB56E04-60AE-448D-B54D-6231F092F297}"
EndProject
Project("{9A19103F-16F7-4668-BE54-9A1E7A4F7556}") = "Tyuiu.NuryevAR.Sprint1.Task3.V12.Test", "Tyuiu.NuryevAR.Sprint1.Task3.V12.Test\Tyuiu.NuryevAR.Sprint1.Task3.V12.Test.csproj", "{60831577-7962-4D61-A9C5-1C1B61E34023}"
EndProject
Project("{2150E333-8FDC-42A3-9474-1A3956D46DE8}") = "Task4", "Task4", "{F7BA92A5-2851-4349-8EE3-67F874827BF1}"
EndProject
Project("{9A19103F-16F7-4668-BE54-9A1E7A4F7556}") = "Tyuiu.NuryevAR.Sprint1.Task4.V4", "Tyuiu.NuryevAR.Sprint1.Task4.V4\Tyuiu.NuryevAR.Sprint1.Task4.V4.csproj", "{521BED84-90D3-418A-9749-672E7E9AFCD8}"
EndProject
Project("{9A19103F-16F7-4668-BE54-9A1E7A4F7556}") = "Tyuiu.NuryevAR.Sprint1.Task4.V4.Lib", "Tyuiu.NuryevAR.Sprint1.Task4.V4.Lib\Tyuiu.NuryevAR.Sprint1.Task4.V4.Lib.csproj", "{9B616588-0ECC-4927-87CD-7E3A4083DB8E}"
EndProject
Project("{9A19103F-16F7-4668-BE54-9A1E7A4F7556}") = "Tyuiu.NuryevAR.Sprint1.Task4.V4.Test", "Tyuiu.NuryevAR.Sprint1.Task4.V4.Test\Tyuiu.NuryevAR.Sprint1.Task4.V4.Test.csproj", "{36CF0D37-8B5F-4FEA-8E77-85B409C8BC17}"
EndProject
Project("{2150E333-8FDC-42A3-9474-1A3956D46DE8}") = "Task5", "Task5", "{0897A5B8-DA5F-4818-B866-5F3BDBA89D2C}"
EndProject
Project("{FAE04EC0-301F-11D3-BF4B-00C04F79EFBC}") = "Tyuiu.NuryevAR.Sprint1.Task5.V2", "Tyuiu.NuryevAR.Sprint1.Task5.V2\Tyuiu.NuryevAR.Sprint1.Task5.V2.csproj", "{1B17E104-7E4D-41C8-9E38-BA446FB92BCD}"
EndProject
Project("{FAE04EC0-301F-11D3-BF4B-00C04F79EFBC}") = "Tyuiu.NuryevAR.Sprint1.Task5.V2.Lib", "Tyuiu.NuryevAR.Sprint1.Task5.V2.Lib\Tyuiu.NuryevAR.Sprint1.Task5.V2.Lib.csproj", "{3723442D-31A7-49CF-9D8A-8A8F9DF9F81D}"
EndProject
Project("{FAE04EC0-301F-11D3-BF4B-00C04F79EFBC}") = "Tyuiu.NuryevAR.Sprint1.Task5.V2.Test", "Tyuiu.NuryevAR.Sprint1.Task5.V2.Test\Tyuiu.NuryevAR.Sprint1.Task5.V2.Test.csproj", "{328A6ABB-51B6-42ED-B491-2E161F2741F7}"
EndProject
Global
	GlobalSection(SolutionConfigurationPlatforms) = preSolution
		Debug|Any CPU = Debug|Any CPU
		Release|Any CPU = Release|Any CPU
	EndGlobalSection
	GlobalSection(ProjectConfigurationPlatforms) = postSolution
		{0A296DE7-6084-4FC3-95BC-4FE11CEBC266}.Debug|Any CPU.ActiveCfg = Debug|Any CPU
		{0A296DE7-6084-4FC3-95BC-4FE11CEBC266}.Debug|Any CPU.Build.0 = Debug|Any CPU
		{0A296DE7-6084-4FC3-95BC-4FE11CEBC266}.Release|Any CPU.ActiveCfg = Release|Any CPU
		{0A296DE7-6084-4FC3-95BC-4FE11CEBC266}.Release|Any CPU.Build.0 = Release|Any CPU
		{F3EBAA05-8E06-4F05-B4C6-B9F89363E7BD}.Debug|Any CPU.ActiveCfg = Debug|Any CPU
		{F3EBAA05-8E06-4F05-B4C6-B9F89363E7BD}.Debug|Any CPU.Build.0 = Debug|Any CPU
		{F3EBAA05-8E06-4F05-B4C6-B9F89363E7BD}.Release|Any CPU.ActiveCfg = Release|Any CPU
		{F3EBAA05-8E06-4F05-B4C6-B9F89363E7BD}.Release|Any CPU.Build.0 = Release|Any CPU
		{7B414538-E762-4D65-9144-141BBA641C7F}.Debug|Any CPU.ActiveCfg = Debug|Any CPU
		{7B414538-E762-4D65-9144-141BBA641C7F}.Debug|Any CPU.Build.0 = Debug|Any CPU
		{7B414538-E762-4D65-9144-141BBA641C7F}.Release|Any CPU.ActiveCfg = Release|Any CPU
		{7B414538-E762-4D65-9144-141BBA641C7F}.Release|Any CPU.Build.0 = Release|Any CPU
		{FD72A8F7-4AB8-4DE2-81E5-710644061435}.Debug|Any CPU.ActiveCfg = Debug|Any CPU
		{FD72A8F7-4AB8-4DE2-81E5-710644061435}.Debug|Any CPU.Build.0 = Debug|Any CPU
		{FD72A8F7-4AB8-4DE2-81E5-710644061435}.Release|Any CPU.ActiveCfg = Release|Any CPU
		{FD72A8F7-4AB8-4DE2-81E5-710644061435}.Release|Any CPU.Build.0 = Release|Any CPU
		{5958A363-0A91-4C73-A1A8-D11E9BF0AE32}.Debug|Any CPU.ActiveCfg = Debug|Any CPU
		{5958A363-0A91-4C73-A1A8-D11E9BF0AE32}.Debug|Any CPU.Build.0 = Debug|Any CPU
		{5958A363-0A91-4C73-A1A8-D11E9BF0AE32}.Release|Any CPU.ActiveCfg = Release|Any CPU
		{5958A363-0A91-4C73-A1A8-D11E9BF0AE32}.Release|Any CPU.Build.0 = Release|Any CPU
		{7D64E0C9-C33F-4383-9ECA-7BCE12A9012B}.Debug|Any CPU.ActiveCfg = Debug|Any CPU
		{7D64E0C9-C33F-4383-9ECA-7BCE12A9012B}.Debug|Any CPU.Build.0 = Debug|Any CPU
		{7D64E0C9-C33F-4383-9ECA-7BCE12A9012B}.Release|Any CPU.ActiveCfg = Release|Any CPU
		{7D64E0C9-C33F-4383-9ECA-7BCE12A9012B}.Release|Any CPU.Build.0 = Release|Any CPU
		{7E4932A3-A378-44E0-AF3A-8F0428E1BA2B}.Debug|Any CPU.ActiveCfg = Debug|Any CPU
		{7E4932A3-A378-44E0-AF3A-8F0428E1BA2B}.Debug|Any CPU.Build.0 = Debug|Any CPU
		{7E4932A3-A378-44E0-AF3A-8F0428E1BA2B}.Release|Any CPU.ActiveCfg = Release|Any CPU
		{7E4932A3-A378-44E0-AF3A-8F0428E1BA2B}.Release|Any CPU.Build.0 = Release|Any CPU
		{83F74A4F-F386-4ED8-BB6F-FDB65F242361}.Debug|Any CPU.ActiveCfg = Debug|Any CPU
		{83F74A4F-F386-4ED8-BB6F-FDB65F242361}.Debug|Any CPU.Build.0 = Debug|Any CPU
		{83F74A4F-F386-4ED8-BB6F-FDB65F242361}.Release|Any CPU.ActiveCfg = Release|Any CPU
		{83F74A4F-F386-4ED8-BB6F-FDB65F242361}.Release|Any CPU.Build.0 = Release|Any CPU
		{F10FF5CB-1254-48C3-804D-FCB966761727}.Debug|Any CPU.ActiveCfg = Debug|Any CPU
		{F10FF5CB-1254-48C3-804D-FCB966761727}.Debug|Any CPU.Build.0 = Debug|Any CPU
		{F10FF5CB-1254-48C3-804D-FCB966761727}.Release|Any CPU.ActiveCfg = Release|Any CPU
		{F10FF5CB-1254-48C3-804D-FCB966761727}.Release|Any CPU.Build.0 = Release|Any CPU
		{DDB965BE-1D71-4ABA-8E0B-3D7B927910B5}.Debug|Any CPU.ActiveCfg = Debug|Any CPU
		{DDB965BE-1D71-4ABA-8E0B-3D7B927910B5}.Debug|Any CPU.Build.0 = Debug|Any CPU
		{DDB965BE-1D71-4ABA-8E0B-3D7B927910B5}.Release|Any CPU.ActiveCfg = Release|Any CPU
		{DDB965BE-1D71-4ABA-8E0B-3D7B927910B5}.Release|Any CPU.Build.0 = Release|Any CPU
		{0AB56E04-60AE-448D-B54D-6231F092F297}.Debug|Any CPU.ActiveCfg = Debug|Any CPU
		{0AB56E04-60AE-448D-B54D-6231F092F297}.Debug|Any CPU.Build.0 = Debug|Any CPU
		{0AB56E04-60AE-448D-B54D-6231F092F297}.Release|Any CPU.ActiveCfg = Release|Any CPU
		{0AB56E04-60AE-448D-B54D-6231F092F297}.Release|Any CPU.Build.0 = Release|Any CPU
		{60831577-7962-4D61-A9C5-1C1B61E34023}.Debug|Any CPU.ActiveCfg = Debug|Any CPU
		{60831577-7962-4D61-A9C5-1C1B61E34023}.Debug|Any CPU.Build.0 = Debug|Any CPU
		{60831577-7962-4D61-A9C5-1C1B61E34023}.Release|Any CPU.ActiveCfg = Release|Any CPU
		{60831577-7962-4D61-A9C5-1C1B61E34023}.Release|Any CPU.Build.0 = Release|Any CPU
		{521BED84-90D3-418A-9749-672E7E9AFCD8}.Debug|Any CPU.ActiveCfg = Debug|Any CPU
		{521BED84-90D3-418A-9749-672E7E9AFCD8}.Debug|Any CPU.Build.0 = Debug|Any CPU
		{521BED84-90D3-418A-9749-672E7E9AFCD8}.Release|Any CPU.ActiveCfg = Release|Any CPU
		{521BED84-90D3-418A-9749-672E7E9AFCD8}.Release|Any CPU.Build.0 = Release|Any CPU
		{9B616588-0ECC-4927-87CD-7E3A4083DB8E}.Debug|Any CPU.ActiveCfg = Debug|Any CPU
		{9B616588-0ECC-4927-87CD-7E3A4083DB8E}.Debug|Any CPU.Build.0 = Debug|Any CPU
		{9B616588-0ECC-4927-87CD-7E3A4083DB8E}.Release|Any CPU.ActiveCfg = Release|Any CPU
		{9B616588-0ECC-4927-87CD-7E3A4083DB8E}.Release|Any CPU.Build.0 = Release|Any CPU
		{36CF0D37-8B5F-4FEA-8E77-85B409C8BC17}.Debug|Any CPU.ActiveCfg = Debug|Any CPU
		{36CF0D37-8B5F-4FEA-8E77-85B409C8BC17}.Debug|Any CPU.Build.0 = Debug|Any CPU
		{36CF0D37-8B5F-4FEA-8E77-85B409C8BC17}.Release|Any CPU.ActiveCfg = Release|Any CPU
		{36CF0D37-8B5F-4FEA-8E77-85B409C8BC17}.Release|Any CPU.Build.0 = Release|Any CPU
		{1B17E104-7E4D-41C8-9E38-BA446FB92BCD}.Debug|Any CPU.ActiveCfg = Debug|Any CPU
		{1B17E104-7E4D-41C8-9E38-BA446FB92BCD}.Debug|Any CPU.Build.0 = Debug|Any CPU
		{1B17E104-7E4D-41C8-9E38-BA446FB92BCD}.Release|Any CPU.ActiveCfg = Release|Any CPU
		{1B17E104-7E4D-41C8-9E38-BA446FB92BCD}.Release|Any CPU.Build.0 = Release|Any CPU
		{3723442D-31A7-49CF-9D8A-8A8F9DF9F81D}.Debug|Any CPU.ActiveCfg = Debug|Any CPU
		{3723442D-31A7-49CF-9D8A-8A8F9DF9F81D}.Debug|Any CPU.Build.0 = Debug|Any CPU
		{3723442D-31A7-49CF-9D8A-8A8F9DF9F81D}.Release|Any CPU.ActiveCfg = Release|Any CPU
		{3723442D-31A7-49CF-9D8A-8A8F9DF9F81D}.Release|Any CPU.Build.0 = Release|Any CPU
		{328A6ABB-51B6-42ED-B491-2E161F2741F7}.Debug|Any CPU.ActiveCfg = Debug|Any CPU
		{328A6ABB-51B6-42ED-B491-2E161F2741F7}.Debug|Any CPU.Build.0 = Debug|Any CPU
		{328A6ABB-51B6-42ED-B491-2E161F2741F7}.Release|Any CPU.ActiveCfg = Release|Any CPU
		{328A6ABB-51B6-42ED-B491-2E161F2741F7}.Release|Any CPU.Build.0 = Release|Any CPU
	EndGlobalSection
	GlobalSection(SolutionProperties) = preSolution
		HideSolutionNode = FALSE
	EndGlobalSection
	GlobalSection(NestedProjects) = preSolution
		{0A296DE7-6084-4FC3-95BC-4FE11CEBC266} = {170374AE-1752-4C85-8B81-5453342DAF82}
		{F3EBAA05-8E06-4F05-B4C6-B9F89363E7BD} = {170374AE-1752-4C85-8B81-5453342DAF82}
		{7B414538-E762-4D65-9144-141BBA641C7F} = {170374AE-1752-4C85-8B81-5453342DAF82}
		{FD72A8F7-4AB8-4DE2-81E5-710644061435} = {7870B981-4D6E-4BEC-9A77-9DE11308CF72}
		{5958A363-0A91-4C73-A1A8-D11E9BF0AE32} = {7870B981-4D6E-4BEC-9A77-9DE11308CF72}
		{7D64E0C9-C33F-4383-9ECA-7BCE12A9012B} = {7870B981-4D6E-4BEC-9A77-9DE11308CF72}
		{7E4932A3-A378-44E0-AF3A-8F0428E1BA2B} = {E149E55A-C089-40B3-9587-37C5AE4F0680}
		{83F74A4F-F386-4ED8-BB6F-FDB65F242361} = {E149E55A-C089-40B3-9587-37C5AE4F0680}
		{F10FF5CB-1254-48C3-804D-FCB966761727} = {E149E55A-C089-40B3-9587-37C5AE4F0680}
		{DDB965BE-1D71-4ABA-8E0B-3D7B927910B5} = {4E3FFEC3-53D2-4667-B9C7-04D12B7952BA}
		{0AB56E04-60AE-448D-B54D-6231F092F297} = {4E3FFEC3-53D2-4667-B9C7-04D12B7952BA}
		{60831577-7962-4D61-A9C5-1C1B61E34023} = {4E3FFEC3-53D2-4667-B9C7-04D12B7952BA}
		{521BED84-90D3-418A-9749-672E7E9AFCD8} = {F7BA92A5-2851-4349-8EE3-67F874827BF1}
		{9B616588-0ECC-4927-87CD-7E3A4083DB8E} = {F7BA92A5-2851-4349-8EE3-67F874827BF1}
		{36CF0D37-8B5F-4FEA-8E77-85B409C8BC17} = {F7BA92A5-2851-4349-8EE3-67F874827BF1}
		{1B17E104-7E4D-41C8-9E38-BA446FB92BCD} = {0897A5B8-DA5F-4818-B866-5F3BDBA89D2C}
		{3723442D-31A7-49CF-9D8A-8A8F9DF9F81D} = {0897A5B8-DA5F-4818-B866-5F3BDBA89D2C}
		{328A6ABB-51B6-42ED-B491-2E161F2741F7} = {0897A5B8-DA5F-4818-B866-5F3BDBA89D2C}
	EndGlobalSection
	GlobalSection(ExtensibilityGlobals) = postSolution
		SolutionGuid = {6A752495-ED90-40E3-A9FD-9FC05B5CE2A6}
	EndGlobalSection
EndGlobal
